
Microsoft Visual Studio Solution File, Format Version 12.00
# Visual Studio Version 16
VisualStudioVersion = 16.0.31025.194
MinimumVisualStudioVersion = 10.0.40219.1
Project("{9A19103F-16F7-4668-BE54-9A1E7A4F7556}") = "WFDTO", "WFDTO\WFDTO.csproj", "{0E06BE08-DFC8-4B4E-96AA-EC2B9E5BDD09}"
EndProject
Project("{9A19103F-16F7-4668-BE54-9A1E7A4F7556}") = "WFDTOCustomControlLibrary", "WFDTOCustomControlLibrary\WFDTOCustomControlLibrary.csproj", "{17FA4BD6-DACB-465D-8BE9-DC19C0B562BE}"
EndProject
Global
	GlobalSection(SolutionConfigurationPlatforms) = preSolution
		Debug|Any CPU = Debug|Any CPU
		Release|Any CPU = Release|Any CPU
	EndGlobalSection
	GlobalSection(ProjectConfigurationPlatforms) = postSolution
		{0E06BE08-DFC8-4B4E-96AA-EC2B9E5BDD09}.Debug|Any CPU.ActiveCfg = Debug|Any CPU
		{0E06BE08-DFC8-4B4E-96AA-EC2B9E5BDD09}.Debug|Any CPU.Build.0 = Debug|Any CPU
		{0E06BE08-DFC8-4B4E-96AA-EC2B9E5BDD09}.Release|Any CPU.ActiveCfg = Release|Any CPU
		{0E06BE08-DFC8-4B4E-96AA-EC2B9E5BDD09}.Release|Any CPU.Build.0 = Release|Any CPU
		{17FA4BD6-DACB-465D-8BE9-DC19C0B562BE}.Debug|Any CPU.ActiveCfg = Debug|Any CPU
		{17FA4BD6-DACB-465D-8BE9-DC19C0B562BE}.Debug|Any CPU.Build.0 = Debug|Any CPU
		{17FA4BD6-DACB-465D-8BE9-DC19C0B562BE}.Release|Any CPU.ActiveCfg = Release|Any CPU
		{17FA4BD6-DACB-465D-8BE9-DC19C0B562BE}.Release|Any CPU.Build.0 = Release|Any CPU
	EndGlobalSection
	GlobalSection(SolutionProperties) = preSolution
		HideSolutionNode = FALSE
	EndGlobalSection
	GlobalSection(ExtensibilityGlobals) = postSolution
		SolutionGuid = {1F7DD827-E8D9-4E28-9A79-04B428A90BE2}
	EndGlobalSection
EndGlobal
